// !$*UTF8*$!
{
	archiveVersion = 1;
	classes = {
	};
	objectVersion = 55;
	objects = {

/* Begin PBXBuildFile section */
		753DDD7C28A52DD600EAEAF7 /* AppDelegate.swift in Sources */ = {isa = PBXBuildFile; fileRef = 753DDD7B28A52DD600EAEAF7 /* AppDelegate.swift */; };
		753DDD7E28A52DD600EAEAF7 /* SceneDelegate.swift in Sources */ = {isa = PBXBuildFile; fileRef = 753DDD7D28A52DD600EAEAF7 /* SceneDelegate.swift */; };
		753DDD8028A52DD600EAEAF7 /* ViewController.swift in Sources */ = {isa = PBXBuildFile; fileRef = 753DDD7F28A52DD600EAEAF7 /* ViewController.swift */; };
		753DDD8328A52DD600EAEAF7 /* Main.storyboard in Resources */ = {isa = PBXBuildFile; fileRef = 753DDD8128A52DD600EAEAF7 /* Main.storyboard */; };
		753DDD8528A52DD800EAEAF7 /* Assets.xcassets in Resources */ = {isa = PBXBuildFile; fileRef = 753DDD8428A52DD800EAEAF7 /* Assets.xcassets */; };
		753DDD8828A52DD800EAEAF7 /* LaunchScreen.storyboard in Resources */ = {isa = PBXBuildFile; fileRef = 753DDD8628A52DD800EAEAF7 /* LaunchScreen.storyboard */; };
		753DDD9028A5318E00EAEAF7 /* CityManager.swift in Sources */ = {isa = PBXBuildFile; fileRef = 753DDD8F28A5318E00EAEAF7 /* CityManager.swift */; };
		753DDD9528A547D400EAEAF7 /* CityData.swift in Sources */ = {isa = PBXBuildFile; fileRef = 753DDD9428A547D400EAEAF7 /* CityData.swift */; };
		753DDD9728A5491800EAEAF7 /* WeatherModel.swift in Sources */ = {isa = PBXBuildFile; fileRef = 753DDD9628A5491800EAEAF7 /* WeatherModel.swift */; };
/* End PBXBuildFile section */

/* Begin PBXFileReference section */
		753DDD7828A52DD600EAEAF7 /* CWC.app */ = {isa = PBXFileReference; explicitFileType = wrapper.application; includeInIndex = 0; path = CWC.app; sourceTree = BUILT_PRODUCTS_DIR; };
		753DDD7B28A52DD600EAEAF7 /* AppDelegate.swift */ = {isa = PBXFileReference; lastKnownFileType = sourcecode.swift; path = AppDelegate.swift; sourceTree = "<group>"; };
		753DDD7D28A52DD600EAEAF7 /* SceneDelegate.swift */ = {isa = PBXFileReference; lastKnownFileType = sourcecode.swift; path = SceneDelegate.swift; sourceTree = "<group>"; };
		753DDD7F28A52DD600EAEAF7 /* ViewController.swift */ = {isa = PBXFileReference; lastKnownFileType = sourcecode.swift; path = ViewController.swift; sourceTree = "<group>"; };
		753DDD8228A52DD600EAEAF7 /* Base */ = {isa = PBXFileReference; lastKnownFileType = file.storyboard; name = Base; path = Base.lproj/Main.storyboard; sourceTree = "<group>"; };
		753DDD8428A52DD800EAEAF7 /* Assets.xcassets */ = {isa = PBXFileReference; lastKnownFileType = folder.assetcatalog; path = Assets.xcassets; sourceTree = "<group>"; };
		753DDD8728A52DD800EAEAF7 /* Base */ = {isa = PBXFileReference; lastKnownFileType = file.storyboard; name = Base; path = Base.lproj/LaunchScreen.storyboard; sourceTree = "<group>"; };
		753DDD8928A52DD800EAEAF7 /* Info.plist */ = {isa = PBXFileReference; lastKnownFileType = text.plist.xml; path = Info.plist; sourceTree = "<group>"; };
		753DDD8F28A5318E00EAEAF7 /* CityManager.swift */ = {isa = PBXFileReference; lastKnownFileType = sourcecode.swift; path = CityManager.swift; sourceTree = "<group>"; };
		753DDD9428A547D400EAEAF7 /* CityData.swift */ = {isa = PBXFileReference; lastKnownFileType = sourcecode.swift; path = CityData.swift; sourceTree = "<group>"; };
		753DDD9628A5491800EAEAF7 /* WeatherModel.swift */ = {isa = PBXFileReference; lastKnownFileType = sourcecode.swift; path = WeatherModel.swift; sourceTree = "<group>"; };
/* End PBXFileReference section */

/* Begin PBXFrameworksBuildPhase section */
		753DDD7528A52DD600EAEAF7 /* Frameworks */ = {
			isa = PBXFrameworksBuildPhase;
			buildActionMask = 2147483647;
			files = (
			);
			runOnlyForDeploymentPostprocessing = 0;
		};
/* End PBXFrameworksBuildPhase section */

/* Begin PBXGroup section */
		753DDD6F28A52DD600EAEAF7 = {
			isa = PBXGroup;
			children = (
				753DDD7A28A52DD600EAEAF7 /* CWC */,
				753DDD7928A52DD600EAEAF7 /* Products */,
			);
			sourceTree = "<group>";
		};
		753DDD7928A52DD600EAEAF7 /* Products */ = {
			isa = PBXGroup;
			children = (
				753DDD7828A52DD600EAEAF7 /* CWC.app */,
			);
			name = Products;
			sourceTree = "<group>";
		};
		753DDD7A28A52DD600EAEAF7 /* CWC */ = {
			isa = PBXGroup;
			children = (
				753DDD7B28A52DD600EAEAF7 /* AppDelegate.swift */,
				753DDD7D28A52DD600EAEAF7 /* SceneDelegate.swift */,
				753DDD7F28A52DD600EAEAF7 /* ViewController.swift */,
				753DDD8128A52DD600EAEAF7 /* Main.storyboard */,
				753DDD8428A52DD800EAEAF7 /* Assets.xcassets */,
				753DDD8628A52DD800EAEAF7 /* LaunchScreen.storyboard */,
				753DDD8928A52DD800EAEAF7 /* Info.plist */,
				753DDD9328A547BA00EAEAF7 /* Model */,
			);
			path = CWC;
			sourceTree = "<group>";
		};
		753DDD9328A547BA00EAEAF7 /* Model */ = {
			isa = PBXGroup;
			children = (
				753DDD8F28A5318E00EAEAF7 /* CityManager.swift */,
				753DDD9428A547D400EAEAF7 /* CityData.swift */,
				753DDD9628A5491800EAEAF7 /* WeatherModel.swift */,
			);
			path = Model;
			sourceTree = "<group>";
		};
/* End PBXGroup section */

/* Begin PBXNativeTarget section */
		753DDD7728A52DD600EAEAF7 /* CWC */ = {
			isa = PBXNativeTarget;
			buildConfigurationList = 753DDD8C28A52DD800EAEAF7 /* Build configuration list for PBXNativeTarget "CWC" */;
			buildPhases = (
				753DDD7428A52DD600EAEAF7 /* Sources */,
				753DDD7528A52DD600EAEAF7 /* Frameworks */,
				753DDD7628A52DD600EAEAF7 /* Resources */,
			);
			buildRules = (
			);
			dependencies = (
			);
			name = CWC;
			productName = CWC;
			productReference = 753DDD7828A52DD600EAEAF7 /* CWC.app */;
			productType = "com.apple.product-type.application";
		};
/* End PBXNativeTarget section */

/* Begin PBXProject section */
		753DDD7028A52DD600EAEAF7 /* Project object */ = {
			isa = PBXProject;
			attributes = {
				BuildIndependentTargetsInParallel = 1;
				LastSwiftUpdateCheck = 1340;
				LastUpgradeCheck = 1340;
				TargetAttributes = {
					753DDD7728A52DD600EAEAF7 = {
						CreatedOnToolsVersion = 13.4.1;
					};
				};
			};
			buildConfigurationList = 753DDD7328A52DD600EAEAF7 /* Build configuration list for PBXProject "CWC" */;
			compatibilityVersion = "Xcode 13.0";
			developmentRegion = en;
			hasScannedForEncodings = 0;
			knownRegions = (
				en,
				Base,
			);
			mainGroup = 753DDD6F28A52DD600EAEAF7;
			productRefGroup = 753DDD7928A52DD600EAEAF7 /* Products */;
			projectDirPath = "";
			projectRoot = "";
			targets = (
				753DDD7728A52DD600EAEAF7 /* CWC */,
			);
		};
/* End PBXProject section */

/* Begin PBXResourcesBuildPhase section */
		753DDD7628A52DD600EAEAF7 /* Resources */ = {
			isa = PBXResourcesBuildPhase;
			buildActionMask = 2147483647;
			files = (
				753DDD8828A52DD800EAEAF7 /* LaunchScreen.storyboard in Resources */,
				753DDD8528A52DD800EAEAF7 /* Assets.xcassets in Resources */,
				753DDD8328A52DD600EAEAF7 /* Main.storyboard in Resources */,
			);
			runOnlyForDeploymentPostprocessing = 0;
		};
/* End PBXResourcesBuildPhase section */

/* Begin PBXSourcesBuildPhase section */
		753DDD7428A52DD600EAEAF7 /* Sources */ = {
			isa = PBXSourcesBuildPhase;
			buildActionMask = 2147483647;
			files = (
				753DDD9028A5318E00EAEAF7 /* CityManager.swift in Sources */,
				753DDD8028A52DD600EAEAF7 /* ViewController.swift in Sources */,
				753DDD9528A547D400EAEAF7 /* CityData.swift in Sources */,
				753DDD7C28A52DD600EAEAF7 /* AppDelegate.swift in Sources */,
				753DDD9728A5491800EAEAF7 /* WeatherModel.swift in Sources */,
				753DDD7E28A52DD600EAEAF7 /* SceneDelegate.swift in Sources */,
			);
			runOnlyForDeploymentPostprocessing = 0;
		};
/* End PBXSourcesBuildPhase section */

/* Begin PBXVariantGroup section */
		753DDD8128A52DD600EAEAF7 /* Main.storyboard */ = {
			isa = PBXVariantGroup;
			children = (
				753DDD8228A52DD600EAEAF7 /* Base */,
			);
			name = Main.storyboard;
			sourceTree = "<group>";
		};
		753DDD8628A52DD800EAEAF7 /* LaunchScreen.storyboard */ = {
			isa = PBXVariantGroup;
			children = (
				753DDD8728A52DD800EAEAF7 /* Base */,
			);
			name = LaunchScreen.storyboard;
			sourceTree = "<group>";
		};
/* End PBXVariantGroup section */

/* Begin XCBuildConfiguration section */
		753DDD8A28A52DD800EAEAF7 /* Debug */ = {
			isa = XCBuildConfiguration;
			buildSettings = {
				ALWAYS_SEARCH_USER_PATHS = NO;
				CLANG_ANALYZER_NONNULL = YES;
				CLANG_ANALYZER_NUMBER_OBJECT_CONVERSION = YES_AGGRESSIVE;
				CLANG_CXX_LANGUAGE_STANDARD = "gnu++17";
				CLANG_ENABLE_MODULES = YES;
				CLANG_ENABLE_OBJC_ARC = YES;
				CLANG_ENABLE_OBJC_WEAK = YES;
				CLANG_WARN_BLOCK_CAPTURE_AUTORELEASING = YES;
				CLANG_WARN_BOOL_CONVERSION = YES;
				CLANG_WARN_COMMA = YES;
				CLANG_WARN_CONSTANT_CONVERSION = YES;
				CLANG_WARN_DEPRECATED_OBJC_IMPLEMENTATIONS = YES;
				CLANG_WARN_DIRECT_OBJC_ISA_USAGE = YES_ERROR;
				CLANG_WARN_DOCUMENTATION_COMMENTS = YES;
				CLANG_WARN_EMPTY_BODY = YES;
				CLANG_WARN_ENUM_CONVERSION = YES;
				CLANG_WARN_INFINITE_RECURSION = YES;
				CLANG_WARN_INT_CONVERSION = YES;
				CLANG_WARN_NON_LITERAL_NULL_CONVERSION = YES;
				CLANG_WARN_OBJC_IMPLICIT_RETAIN_SELF = YES;
				CLANG_WARN_OBJC_LITERAL_CONVERSION = YES;
				CLANG_WARN_OBJC_ROOT_CLASS = YES_ERROR;
				CLANG_WARN_QUOTED_INCLUDE_IN_FRAMEWORK_HEADER = YES;
				CLANG_WARN_RANGE_LOOP_ANALYSIS = YES;
				CLANG_WARN_STRICT_PROTOTYPES = YES;
				CLANG_WARN_SUSPICIOUS_MOVE = YES;
				CLANG_WARN_UNGUARDED_AVAILABILITY = YES_AGGRESSIVE;
				CLANG_WARN_UNREACHABLE_CODE = YES;
				CLANG_WARN__DUPLICATE_METHOD_MATCH = YES;
				COPY_PHASE_STRIP = NO;
				DEBUG_INFORMATION_FORMAT = dwarf;
				ENABLE_STRICT_OBJC_MSGSEND = YES;
				ENABLE_TESTABILITY = YES;
				GCC_C_LANGUAGE_STANDARD = gnu11;
				GCC_DYNAMIC_NO_PIC = NO;
				GCC_NO_COMMON_BLOCKS = YES;
				GCC_OPTIMIZATION_LEVEL = 0;
				GCC_PREPROCESSOR_DEFINITIONS = (
					"DEBUG=1",
					"$(inherited)",
				);
				GCC_WARN_64_TO_32_BIT_CONVERSION = YES;
				GCC_WARN_ABOUT_RETURN_TYPE = YES_ERROR;
				GCC_WARN_UNDECLARED_SELECTOR = YES;
				GCC_WARN_UNINITIALIZED_AUTOS = YES_AGGRESSIVE;
				GCC_WARN_UNUSED_FUNCTION = YES;
				GCC_WARN_UNUSED_VARIABLE = YES;
				IPHONEOS_DEPLOYMENT_TARGET = 15.5;
				MTL_ENABLE_DEBUG_INFO = INCLUDE_SOURCE;
				MTL_FAST_MATH = YES;
				ONLY_ACTIVE_ARCH = YES;
				SDKROOT = iphoneos;
				SWIFT_ACTIVE_COMPILATION_CONDITIONS = DEBUG;
				SWIFT_OPTIMIZATION_LEVEL = "-Onone";
			};
			name = Debug;
		};
		753DDD8B28A52DD800EAEAF7 /* Release */ = {
			isa = XCBuildConfiguration;
			buildSettings = {
				ALWAYS_SEARCH_USER_PATHS = NO;
				CLANG_ANALYZER_NONNULL = YES;
				CLANG_ANALYZER_NUMBER_OBJECT_CONVERSION = YES_AGGRESSIVE;
				CLANG_CXX_LANGUAGE_STANDARD = "gnu++17";
				CLANG_ENABLE_MODULES = YES;
				CLANG_ENABLE_OBJC_ARC = YES;
				CLANG_ENABLE_OBJC_WEAK = YES;
				CLANG_WARN_BLOCK_CAPTURE_AUTORELEASING = YES;
				CLANG_WARN_BOOL_CONVERSION = YES;
				CLANG_WARN_COMMA = YES;
				CLANG_WARN_CONSTANT_CONVERSION = YES;
				CLANG_WARN_DEPRECATED_OBJC_IMPLEMENTATIONS = YES;
				CLANG_WARN_DIRECT_OBJC_ISA_USAGE = YES_ERROR;
				CLANG_WARN_DOCUMENTATION_COMMENTS = YES;
				CLANG_WARN_EMPTY_BODY = YES;
				CLANG_WARN_ENUM_CONVERSION = YES;
				CLANG_WARN_INFINITE_RECURSION = YES;
				CLANG_WARN_INT_CONVERSION = YES;
				CLANG_WARN_NON_LITERAL_NULL_CONVERSION = YES;
				CLANG_WARN_OBJC_IMPLICIT_RETAIN_SELF = YES;
				CLANG_WARN_OBJC_LITERAL_CONVERSION = YES;
				CLANG_WARN_OBJC_ROOT_CLASS = YES_ERROR;
				CLANG_WARN_QUOTED_INCLUDE_IN_FRAMEWORK_HEADER = YES;
				CLANG_WARN_RANGE_LOOP_ANALYSIS = YES;
				CLANG_WARN_STRICT_PROTOTYPES = YES;
				CLANG_WARN_SUSPICIOUS_MOVE = YES;
				CLANG_WARN_UNGUARDED_AVAILABILITY = YES_AGGRESSIVE;
				CLANG_WARN_UNREACHABLE_CODE = YES;
				CLANG_WARN__DUPLICATE_METHOD_MATCH = YES;
				COPY_PHASE_STRIP = NO;
				DEBUG_INFORMATION_FORMAT = "dwarf-with-dsym";
				ENABLE_NS_ASSERTIONS = NO;
				ENABLE_STRICT_OBJC_MSGSEND = YES;
				GCC_C_LANGUAGE_STANDARD = gnu11;
				GCC_NO_COMMON_BLOCKS = YES;
				GCC_WARN_64_TO_32_BIT_CONVERSION = YES;
				GCC_WARN_ABOUT_RETURN_TYPE = YES_ERROR;
				GCC_WARN_UNDECLARED_SELECTOR = YES;
				GCC_WARN_UNINITIALIZED_AUTOS = YES_AGGRESSIVE;
				GCC_WARN_UNUSED_FUNCTION = YES;
				GCC_WARN_UNUSED_VARIABLE = YES;
				IPHONEOS_DEPLOYMENT_TARGET = 15.5;
				MTL_ENABLE_DEBUG_INFO = NO;
				MTL_FAST_MATH = YES;
				SDKROOT = iphoneos;
				SWIFT_COMPILATION_MODE = wholemodule;
				SWIFT_OPTIMIZATION_LEVEL = "-O";
				VALIDATE_PRODUCT = YES;
			};
			name = Release;
		};
		753DDD8D28A52DD800EAEAF7 /* Debug */ = {
			isa = XCBuildConfiguration;
			buildSettings = {
				ASSETCATALOG_COMPILER_APPICON_NAME = AppIcon;
				ASSETCATALOG_COMPILER_GLOBAL_ACCENT_COLOR_NAME = AccentColor;
				CODE_SIGN_STYLE = Automatic;
				CURRENT_PROJECT_VERSION = 1;
				DEVELOPMENT_TEAM = MJRRB6FD84;
				GENERATE_INFOPLIST_FILE = YES;
				INFOPLIST_FILE = CWC/Info.plist;
				INFOPLIST_KEY_CFBundleDisplayName = CitiesWeather;
				INFOPLIST_KEY_UIApplicationSupportsIndirectInputEvents = YES;
				INFOPLIST_KEY_UILaunchStoryboardName = LaunchScreen;
				INFOPLIST_KEY_UIMainStoryboardFile = Main;
				INFOPLIST_KEY_UISupportedInterfaceOrientations = UIInterfaceOrientationPortrait;
				INFOPLIST_KEY_UISupportedInterfaceOrientations_iPad = "UIInterfaceOrientationPortrait UIInterfaceOrientationPortraitUpsideDown UIInterfaceOrientationLandscapeLeft UIInterfaceOrientationLandscapeRight";
				INFOPLIST_KEY_UISupportedInterfaceOrientations_iPhone = "UIInterfaceOrientationPortrait UIInterfaceOrientationLandscapeLeft UIInterfaceOrientationLandscapeRight";
				LD_RUNPATH_SEARCH_PATHS = (
					"$(inherited)",
					"@executable_path/Frameworks",
				);
				MARKETING_VERSION = 1.0;
				PRODUCT_BUNDLE_IDENTIFIER = com.mustafayildiz.CWC;
				PRODUCT_NAME = "$(TARGET_NAME)";
				SWIFT_EMIT_LOC_STRINGS = YES;
				SWIFT_VERSION = 5.0;
				TARGETED_DEVICE_FAMILY = "1,2";
			};
			name = Debug;
		};
		753DDD8E28A52DD800EAEAF7 /* Release */ = {
			isa = XCBuildConfiguration;
			buildSettings = {
				ASSETCATALOG_COMPILER_APPICON_NAME = AppIcon;
				ASSETCATALOG_COMPILER_GLOBAL_ACCENT_COLOR_NAME = AccentColor;
				CODE_SIGN_STYLE = Automatic;
				CURRENT_PROJECT_VERSION = 1;
				DEVELOPMENT_TEAM = MJRRB6FD84;
				GENERATE_INFOPLIST_FILE = YES;
				INFOPLIST_FILE = CWC/Info.plist;
				INFOPLIST_KEY_CFBundleDisplayName = CitiesWeather;
				INFOPLIST_KEY_UIApplicationSupportsIndirectInputEvents = YES;
				INFOPLIST_KEY_UILaunchStoryboardName = LaunchScreen;
				INFOPLIST_KEY_UIMainStoryboardFile = Main;
				INFOPLIST_KEY_UISupportedInterfaceOrientations = UIInterfaceOrientationPortrait;
				INFOPLIST_KEY_UISupportedInterfaceOrientations_iPad = "UIInterfaceOrientationPortrait UIInterfaceOrientationPortraitUpsideDown UIInterfaceOrientationLandscapeLeft UIInterfaceOrientationLandscapeRight";
				INFOPLIST_KEY_UISupportedInterfaceOrientations_iPhone = "UIInterfaceOrientationPortrait UIInterfaceOrientationLandscapeLeft UIInterfaceOrientationLandscapeRight";
				LD_RUNPATH_SEARCH_PATHS = (
					"$(inherited)",
					"@executable_path/Frameworks",
				);
				MARKETING_VERSION = 1.0;
				PRODUCT_BUNDLE_IDENTIFIER = com.mustafayildiz.CWC;
				PRODUCT_NAME = "$(TARGET_NAME)";
				SWIFT_EMIT_LOC_STRINGS = YES;
				SWIFT_VERSION = 5.0;
				TARGETED_DEVICE_FAMILY = "1,2";
			};
			name = Release;
		};
/* End XCBuildConfiguration section */

/* Begin XCConfigurationList section */
		753DDD7328A52DD600EAEAF7 /* Build configuration list for PBXProject "CWC" */ = {
			isa = XCConfigurationList;
			buildConfigurations = (
				753DDD8A28A52DD800EAEAF7 /* Debug */,
				753DDD8B28A52DD800EAEAF7 /* Release */,
			);
			defaultConfigurationIsVisible = 0;
			defaultConfigurationName = Release;
		};
		753DDD8C28A52DD800EAEAF7 /* Build configuration list for PBXNativeTarget "CWC" */ = {
			isa = XCConfigurationList;
			buildConfigurations = (
				753DDD8D28A52DD800EAEAF7 /* Debug */,
				753DDD8E28A52DD800EAEAF7 /* Release */,
			);
			defaultConfigurationIsVisible = 0;
			defaultConfigurationName = Release;
		};
/* End XCConfigurationList section */
	};
	rootObject = 753DDD7028A52DD600EAEAF7 /* Project object */;
}
